{
    "_meta": {
        "hash": {
            "sha256": "b46192c43958434cac048951e7fa9d300d0a66d4dbd376ddb7f7118f815637e4"
        },
        "pipfile-spec": 6,
        "requires": {
            "python_version": "3.8"
        },
        "sources": [
            {
                "name": "pypi",
                "url": "https://pypi.org/simple",
                "verify_ssl": true
            }
        ]
    },
    "default": {
        "certifi": {
            "hashes": [
                "sha256:5930595817496dd21bb8dc35dad090f1c2cd0adfaf21204bf6732ca5d8ee34d3",
                "sha256:8fc0819f1f30ba15bdb34cceffb9ef04d99f420f68eb75d901e9560b8749fc41"
            ],
            "version": "==2020.6.20"
        },
        "django": {
            "hashes": [
                "sha256:84f370f6acedbe1f3c41e1a02de44ac206efda3355e427139ecb785b5f596d80",
                "sha256:e8fe3c2b2212dce6126becab7a693157f1a441a07b62ec994c046c76af5bb66d"
            ],
            "index": "pypi",
            "version": "==2.2.13"
        },
        "django-crispy-forms": {
            "hashes": [
                "sha256:0afc0ba730f52a13c02bfbd0e1423af4577a337d73a8a0ef96f2cbbc5f345ffa",
                "sha256:2db711ce31f6f9ef42c16829cc3636e3819f97c1b22a3b706afed679bc417e88"
            ],
            "index": "pypi",
            "version": "==1.8.1"
        },
        "django-csp": {
            "hashes": [
                "sha256:04600237701e6d6ff78ed7d41209ff923988148bf292c128f6b474b9befe444f",
                "sha256:8b9997df89a7a936d7c397e051367f974aa1d1a97d0b32acb4300087b3bed071"
            ],
            "index": "pypi",
            "version": "==3.5"
        },
        "django-profanity-filter": {
            "hashes": [
                "sha256:adf6436dcf5761fe0868599e97c4498bb9320224e5055483cb17c0490054fbc9"
            ],
            "index": "pypi",
            "version": "==0.2.1"
        },
        "django-recaptcha": {
            "hashes": [
                "sha256:3b19b9d972ca802b683eed5fd51ed84b0798f2a52f8d057a912eb7d99cff3779",
                "sha256:b6ce959cd7c0af7501698fab5f52ca1bcb6d9402cb3b8b42a4c4cb13d89cfbfa"
            ],
            "index": "pypi",
            "version": "==2.0.5"
        },
        "django-referrer-policy": {
            "hashes": [
                "sha256:09e134324fa08c10efc12244a4bae7aee5defa7d332b92c603b09258c854615a"
            ],
            "index": "pypi",
            "version": "==1.0"
        },
        "gunicorn": {
            "hashes": [
                "sha256:1904bb2b8a43658807108d59c3f3d56c2b6121a701161de0ddf9ad140073c626",
                "sha256:cd4a810dd51bf497552cf3f863b575dabd73d6ad6a91075b65936b151cbf4f9c"
            ],
            "index": "pypi",
            "version": "==20.0.4"
        },
        "inflection": {
            "hashes": [
                "sha256:1a29730d366e996aaacffb2f1f1cb9593dc38e2ddd30c91250c6dde09ea9b417",
                "sha256:f38b2b640938a4f35ade69ac3d053042959b62a0f1076a5bbaa1b9526605a8a2"
            ],
            "version": "==0.5.1"
        },
        "python-decouple": {
            "hashes": [
                "sha256:55c546b85b0c47a15a47a4312d451a437f7344a9be3e001660bccd93b637de95"
            ],
            "index": "pypi",
            "version": "==3.3"
        },
        "pytz": {
            "hashes": [
                "sha256:a494d53b6d39c3c6e44c3bec237336e14305e4f29bbf800b599253057fbb79ed",
                "sha256:c35965d010ce31b23eeb663ed3cc8c906275d6be1a34393a1d73a41febf4a048"
            ],
            "version": "==2020.1"
        },
        "sentry-sdk": {
            "hashes": [
                "sha256:a7c2c8d3f53b6b57454830cd6a4b73d272f1ba91952f59e6545b3cf885f3c22f",
                "sha256:bfc486af718c268cf49ff43d6334ed4db7333ace420240b630acdd8f8a3a8f60"
            ],
            "index": "pypi",
            "version": "==0.13.4"
        },
        "sqlparse": {
            "hashes": [
                "sha256:022fb9c87b524d1f7862b3037e541f68597a730a8843245c349fc93e1643dc4e",
                "sha256:e162203737712307dfe78860cc56c8da8a852ab2ee33750e33aeadf38d12c548"
            ],
            "version": "==0.3.1"
        },
        "urllib3": {
            "hashes": [
                "sha256:91056c15fa70756691db97756772bb1eb9678fa585d9184f24534b100dc60f4a",
                "sha256:e7983572181f5e1522d9c98453462384ee92a0be7fac5f1413a1e35c56cc0461"
            ],
            "version": "==1.25.10"
        },
        "whitenoise": {
            "hashes": [
                "sha256:22f79cf8f1f509639330f93886acaece8ec5ac5e9600c3b981d33c34e8a42dfd",
                "sha256:6dfea214b7c12efd689007abf9afa87a426586e9dbc051873ad2c8e535e2a1ac"
            ],
            "index": "pypi",
            "version": "==4.1.4"
        }
    },
    "develop": {}
}
